PODS:
  - ali_auth (1.3.7):
    - Flutter
    - MJExtension
    - SDWebImage
  - Flutter (1.0.0)
  - fluttertoast (0.0.2):
    - Flutter
  - MJExtension (3.4.1)
  - SDWebImage (5.18.10):
    - SDWebImage/Core (= 5.18.10)
  - SDWebImage/Core (5.18.10)

DEPENDENCIES:
  - ali_auth (from `.symlinks/plugins/ali_auth/ios`)
  - Flutter (from `Flutter`)
  - fluttertoast (from `.symlinks/plugins/fluttertoast/ios`)

SPEC REPOS:
  trunk:
    - MJExtension
    - SDWebImage

EXTERNAL SOURCES:
  ali_auth:
    :path: ".symlinks/plugins/ali_auth/ios"
  Flutter:
    :path: Flutter
  fluttertoast:
    :path: ".symlinks/plugins/fluttertoast/ios"

SPEC CHECKSUMS:
  ali_auth: bec6685cbb766e1a37014d000aeec18540391db4
  Flutter: cabc95a1d2626b1b06e7179b784ebcf0c0cde467
  fluttertoast: 21eecd6935e7064cc1fcb733a4c5a428f3f24f0f
  MJExtension: 21c5f6f8c4d5d8844b7ae8fbae08fed0b501f961
  SDWebImage: fc8f2d48bbfd72ef39d70e981bd24a3f3be53fec

PODFILE CHECKSUM: aa816d5d481f63a1be71fbb8f8dddfdb9fb7d204

COCOAPODS: 1.16.2
