PODS:
  - ali_auth (0.0.3):
    - Flutter
  - Flutter (1.0.0)

DEPENDENCIES:
  - ali_auth (from `.symlinks/plugins/ali_auth/ios`)
  - Flutter (from `Flutter`)

EXTERNAL SOURCES:
  ali_auth:
    :path: ".symlinks/plugins/ali_auth/ios"
  Flutter:
    :path: Flutter

SPEC CHECKSUMS:
  ali_auth: 0dff921752f3435fcc473b63fb179b4f5e9f013d
  Flutter: 0e3d915762c693b495b44d77113d4970485de6ec

PODFILE CHECKSUM: f32fb4e7c14f8b3ca19a369d7be425dd9241af27

COCOAPODS: 1.10.0
